
Microsoft Visual Studio Solution File, Format Version 12.00
# Visual Studio 15
VisualStudioVersion = 15.0.28307.960
MinimumVisualStudioVersion = 10.0.40219.1
Project("{FAE04EC0-301F-11D3-BF4B-00C04F79EFBC}") = "Uyg1Cizim", "Uyg1Cizim\Uyg1Cizim.csproj", "{352FD88A-73B2-4311-A205-00F22D3CF9F0}"
EndProject
Global
	GlobalSection(SolutionConfigurationPlatforms) = preSolution
		Debug|Any CPU = Debug|Any CPU
		Release|Any CPU = Release|Any CPU
	EndGlobalSection
	GlobalSection(ProjectConfigurationPlatforms) = postSolution
		{352FD88A-73B2-4311-A205-00F22D3CF9F0}.Debug|Any CPU.ActiveCfg = Debug|Any CPU
		{352FD88A-73B2-4311-A205-00F22D3CF9F0}.Debug|Any CPU.Build.0 = Debug|Any CPU
		{352FD88A-73B2-4311-A205-00F22D3CF9F0}.Release|Any CPU.ActiveCfg = Release|Any CPU
		{352FD88A-73B2-4311-A205-00F22D3CF9F0}.Release|Any CPU.Build.0 = Release|Any CPU
	EndGlobalSection
	GlobalSection(SolutionProperties) = preSolution
		HideSolutionNode = FALSE
	EndGlobalSection
	GlobalSection(ExtensibilityGlobals) = postSolution
		SolutionGuid = {8A16DCD8-85D0-41B2-9DF4-9CFABD2F3791}
	EndGlobalSection
EndGlobal
